{
  "name": "githubuseractivity",
  "version": "1.0.0",
  "description": "Solution for the [github-activity].",
  "main": "index.js",
  "bin": {
    "task": "./index.js"
  },

  "scripts": {
    "test": "echo \"Error: no test specified\" && exit 1"
  },
  "keywords": [
    "cli",
    "githubactivity"
  ],
  "author": "AshikDavidAbraham",
  "license": "ISC",
  "type": "commonjs"
}